
Microsoft Visual Studio Solution File, Format Version 12.00
# Visual Studio Version 17
VisualStudioVersion = 17.0.31903.59
MinimumVisualStudioVersion = 10.0.40219.1
Project("{2150E333-8FDC-42A3-9474-1A3956D46DE8}") = "src", "src", "{827E0CD3-B72D-47B6-A68D-7590B98EB39B}"
EndProject
Project("{FAE04EC0-301F-11D3-BF4B-00C04F79EFBC}") = "Klucz.Api", "src\Klucz.Api\Klucz.Api.csproj", "{B837AD21-A059-4414-A018-40CB495C4502}"
EndProject
Project("{FAE04EC0-301F-11D3-BF4B-00C04F79EFBC}") = "Klucz.Contracts", "src\Klucz.Contracts\Klucz.Contracts.csproj", "{73F48030-BD75-4ECB-9AEF-FC5B2D45BE48}"
EndProject
Project("{FAE04EC0-301F-11D3-BF4B-00C04F79EFBC}") = "Klucz.Corpus", "src\Klucz.Corpus\Klucz.Corpus.csproj", "{A19345A9-BF35-47DD-8679-E1CF539B8F20}"
EndProject
Project("{FAE04EC0-301F-11D3-BF4B-00C04F79EFBC}") = "Klucz.Grading", "src\Klucz.Grading\Klucz.Grading.csproj", "{64638131-0EBD-455F-AFC7-B17EECC019CA}"
EndProject
Project("{FAE04EC0-301F-11D3-BF4B-00C04F79EFBC}") = "Klucz.Learning", "src\Klucz.Learning\Klucz.Learning.csproj", "{8FED9AF1-1519-4E94-9D27-70C6E9A30BDE}"
EndProject
Project("{2150E333-8FDC-42A3-9474-1A3956D46DE8}") = "tests", "tests", "{0AB3BF05-4346-4AA6-1389-037BE0695223}"
EndProject
Project("{FAE04EC0-301F-11D3-BF4B-00C04F79EFBC}") = "Klucz.ArchitectureTests", "tests\Klucz.ArchitectureTests\Klucz.ArchitectureTests.csproj", "{30CA7DC0-DA7D-4DA5-AC6F-2A6D48101955}"
EndProject
Project("{FAE04EC0-301F-11D3-BF4B-00C04F79EFBC}") = "Klucz.Tests", "tests\Klucz.Tests\Klucz.Tests.csproj", "{982B197F-0424-43D0-8D0B-EE4C6688F981}"
EndProject
Global
	GlobalSection(SolutionConfigurationPlatforms) = preSolution
		Debug|Any CPU = Debug|Any CPU
		Debug|x64 = Debug|x64
		Debug|x86 = Debug|x86
		Release|Any CPU = Release|Any CPU
		Release|x64 = Release|x64
		Release|x86 = Release|x86
	EndGlobalSection
	GlobalSection(ProjectConfigurationPlatforms) = postSolution
		{B837AD21-A059-4414-A018-40CB495C4502}.Debug|Any CPU.ActiveCfg = Debug|Any CPU
		{B837AD21-A059-4414-A018-40CB495C4502}.Debug|Any CPU.Build.0 = Debug|Any CPU
		{B837AD21-A059-4414-A018-40CB495C4502}.Debug|x64.ActiveCfg = Debug|Any CPU
		{B837AD21-A059-4414-A018-40CB495C4502}.Debug|x64.Build.0 = Debug|Any CPU
		{B837AD21-A059-4414-A018-40CB495C4502}.Debug|x86.ActiveCfg = Debug|Any CPU
		{B837AD21-A059-4414-A018-40CB495C4502}.Debug|x86.Build.0 = Debug|Any CPU
		{B837AD21-A059-4414-A018-40CB495C4502}.Release|Any CPU.ActiveCfg = Release|Any CPU
		{B837AD21-A059-4414-A018-40CB495C4502}.Release|Any CPU.Build.0 = Release|Any CPU
		{B837AD21-A059-4414-A018-40CB495C4502}.Release|x64.ActiveCfg = Release|Any CPU
		{B837AD21-A059-4414-A018-40CB495C4502}.Release|x64.Build.0 = Release|Any CPU
		{B837AD21-A059-4414-A018-40CB495C4502}.Release|x86.ActiveCfg = Release|Any CPU
		{B837AD21-A059-4414-A018-40CB495C4502}.Release|x86.Build.0 = Release|Any CPU
		{73F48030-BD75-4ECB-9AEF-FC5B2D45BE48}.Debug|Any CPU.ActiveCfg = Debug|Any CPU
		{73F48030-BD75-4ECB-9AEF-FC5B2D45BE48}.Debug|Any CPU.Build.0 = Debug|Any CPU
		{73F48030-BD75-4ECB-9AEF-FC5B2D45BE48}.Debug|x64.ActiveCfg = Debug|Any CPU
		{73F48030-BD75-4ECB-9AEF-FC5B2D45BE48}.Debug|x64.Build.0 = Debug|Any CPU
		{73F48030-BD75-4ECB-9AEF-FC5B2D45BE48}.Debug|x86.ActiveCfg = Debug|Any CPU
		{73F48030-BD75-4ECB-9AEF-FC5B2D45BE48}.Debug|x86.Build.0 = Debug|Any CPU
		{73F48030-BD75-4ECB-9AEF-FC5B2D45BE48}.Release|Any CPU.ActiveCfg = Release|Any CPU
		{73F48030-BD75-4ECB-9AEF-FC5B2D45BE48}.Release|Any CPU.Build.0 = Release|Any CPU
		{73F48030-BD75-4ECB-9AEF-FC5B2D45BE48}.Release|x64.ActiveCfg = Release|Any CPU
		{73F48030-BD75-4ECB-9AEF-FC5B2D45BE48}.Release|x64.Build.0 = Release|Any CPU
		{73F48030-BD75-4ECB-9AEF-FC5B2D45BE48}.Release|x86.ActiveCfg = Release|Any CPU
		{73F48030-BD75-4ECB-9AEF-FC5B2D45BE48}.Release|x86.Build.0 = Release|Any CPU
		{A19345A9-BF35-47DD-8679-E1CF539B8F20}.Debug|Any CPU.ActiveCfg = Debug|Any CPU
		{A19345A9-BF35-47DD-8679-E1CF539B8F20}.Debug|Any CPU.Build.0 = Debug|Any CPU
		{A19345A9-BF35-47DD-8679-E1CF539B8F20}.Debug|x64.ActiveCfg = Debug|Any CPU
		{A19345A9-BF35-47DD-8679-E1CF539B8F20}.Debug|x64.Build.0 = Debug|Any CPU
		{A19345A9-BF35-47DD-8679-E1CF539B8F20}.Debug|x86.ActiveCfg = Debug|Any CPU
		{A19345A9-BF35-47DD-8679-E1CF539B8F20}.Debug|x86.Build.0 = Debug|Any CPU
		{A19345A9-BF35-47DD-8679-E1CF539B8F20}.Release|Any CPU.ActiveCfg = Release|Any CPU
		{A19345A9-BF35-47DD-8679-E1CF539B8F20}.Release|Any CPU.Build.0 = Release|Any CPU
		{A19345A9-BF35-47DD-8679-E1CF539B8F20}.Release|x64.ActiveCfg = Release|Any CPU
		{A19345A9-BF35-47DD-8679-E1CF539B8F20}.Release|x64.Build.0 = Release|Any CPU
		{A19345A9-BF35-47DD-8679-E1CF539B8F20}.Release|x86.ActiveCfg = Release|Any CPU
		{A19345A9-BF35-47DD-8679-E1CF539B8F20}.Release|x86.Build.0 = Release|Any CPU
		{64638131-0EBD-455F-AFC7-B17EECC019CA}.Debug|Any CPU.ActiveCfg = Debug|Any CPU
		{64638131-0EBD-455F-AFC7-B17EECC019CA}.Debug|Any CPU.Build.0 = Debug|Any CPU
		{64638131-0EBD-455F-AFC7-B17EECC019CA}.Debug|x64.ActiveCfg = Debug|Any CPU
		{64638131-0EBD-455F-AFC7-B17EECC019CA}.Debug|x64.Build.0 = Debug|Any CPU
		{64638131-0EBD-455F-AFC7-B17EECC019CA}.Debug|x86.ActiveCfg = Debug|Any CPU
		{64638131-0EBD-455F-AFC7-B17EECC019CA}.Debug|x86.Build.0 = Debug|Any CPU
		{64638131-0EBD-455F-AFC7-B17EECC019CA}.Release|Any CPU.ActiveCfg = Release|Any CPU
		{64638131-0EBD-455F-AFC7-B17EECC019CA}.Release|Any CPU.Build.0 = Release|Any CPU
		{64638131-0EBD-455F-AFC7-B17EECC019CA}.Release|x64.ActiveCfg = Release|Any CPU
		{64638131-0EBD-455F-AFC7-B17EECC019CA}.Release|x64.Build.0 = Release|Any CPU
		{64638131-0EBD-455F-AFC7-B17EECC019CA}.Release|x86.ActiveCfg = Release|Any CPU
		{64638131-0EBD-455F-AFC7-B17EECC019CA}.Release|x86.Build.0 = Release|Any CPU
		{8FED9AF1-1519-4E94-9D27-70C6E9A30BDE}.Debug|Any CPU.ActiveCfg = Debug|Any CPU
		{8FED9AF1-1519-4E94-9D27-70C6E9A30BDE}.Debug|Any CPU.Build.0 = Debug|Any CPU
		{8FED9AF1-1519-4E94-9D27-70C6E9A30BDE}.Debug|x64.ActiveCfg = Debug|Any CPU
		{8FED9AF1-1519-4E94-9D27-70C6E9A30BDE}.Debug|x64.Build.0 = Debug|Any CPU
		{8FED9AF1-1519-4E94-9D27-70C6E9A30BDE}.Debug|x86.ActiveCfg = Debug|Any CPU
		{8FED9AF1-1519-4E94-9D27-70C6E9A30BDE}.Debug|x86.Build.0 = Debug|Any CPU
		{8FED9AF1-1519-4E94-9D27-70C6E9A30BDE}.Release|Any CPU.ActiveCfg = Release|Any CPU
		{8FED9AF1-1519-4E94-9D27-70C6E9A30BDE}.Release|Any CPU.Build.0 = Release|Any CPU
		{8FED9AF1-1519-4E94-9D27-70C6E9A30BDE}.Release|x64.ActiveCfg = Release|Any CPU
		{8FED9AF1-1519-4E94-9D27-70C6E9A30BDE}.Release|x64.Build.0 = Release|Any CPU
		{8FED9AF1-1519-4E94-9D27-70C6E9A30BDE}.Release|x86.ActiveCfg = Release|Any CPU
		{8FED9AF1-1519-4E94-9D27-70C6E9A30BDE}.Release|x86.Build.0 = Release|Any CPU
		{30CA7DC0-DA7D-4DA5-AC6F-2A6D48101955}.Debug|Any CPU.ActiveCfg = Debug|Any CPU
		{30CA7DC0-DA7D-4DA5-AC6F-2A6D48101955}.Debug|Any CPU.Build.0 = Debug|Any CPU
		{30CA7DC0-DA7D-4DA5-AC6F-2A6D48101955}.Debug|x64.ActiveCfg = Debug|Any CPU
		{30CA7DC0-DA7D-4DA5-AC6F-2A6D48101955}.Debug|x64.Build.0 = Debug|Any CPU
		{30CA7DC0-DA7D-4DA5-AC6F-2A6D48101955}.Debug|x86.ActiveCfg = Debug|Any CPU
		{30CA7DC0-DA7D-4DA5-AC6F-2A6D48101955}.Debug|x86.Build.0 = Debug|Any CPU
		{30CA7DC0-DA7D-4DA5-AC6F-2A6D48101955}.Release|Any CPU.ActiveCfg = Release|Any CPU
		{30CA7DC0-DA7D-4DA5-AC6F-2A6D48101955}.Release|Any CPU.Build.0 = Release|Any CPU
		{30CA7DC0-DA7D-4DA5-AC6F-2A6D48101955}.Release|x64.ActiveCfg = Release|Any CPU
		{30CA7DC0-DA7D-4DA5-AC6F-2A6D48101955}.Release|x64.Build.0 = Release|Any CPU
		{30CA7DC0-DA7D-4DA5-AC6F-2A6D48101955}.Release|x86.ActiveCfg = Release|Any CPU
		{30CA7DC0-DA7D-4DA5-AC6F-2A6D48101955}.Release|x86.Build.0 = Release|Any CPU
		{982B197F-0424-43D0-8D0B-EE4C6688F981}.Debug|Any CPU.ActiveCfg = Debug|Any CPU
		{982B197F-0424-43D0-8D0B-EE4C6688F981}.Debug|Any CPU.Build.0 = Debug|Any CPU
		{982B197F-0424-43D0-8D0B-EE4C6688F981}.Debug|x64.ActiveCfg = Debug|Any CPU
		{982B197F-0424-43D0-8D0B-EE4C6688F981}.Debug|x64.Build.0 = Debug|Any CPU
		{982B197F-0424-43D0-8D0B-EE4C6688F981}.Debug|x86.ActiveCfg = Debug|Any CPU
		{982B197F-0424-43D0-8D0B-EE4C6688F981}.Debug|x86.Build.0 = Debug|Any CPU
		{982B197F-0424-43D0-8D0B-EE4C6688F981}.Release|Any CPU.ActiveCfg = Release|Any CPU
		{982B197F-0424-43D0-8D0B-EE4C6688F981}.Release|Any CPU.Build.0 = Release|Any CPU
		{982B197F-0424-43D0-8D0B-EE4C6688F981}.Release|x64.ActiveCfg = Release|Any CPU
		{982B197F-0424-43D0-8D0B-EE4C6688F981}.Release|x64.Build.0 = Release|Any CPU
		{982B197F-0424-43D0-8D0B-EE4C6688F981}.Release|x86.ActiveCfg = Release|Any CPU
		{982B197F-0424-43D0-8D0B-EE4C6688F981}.Release|x86.Build.0 = Release|Any CPU
	EndGlobalSection
	GlobalSection(SolutionProperties) = preSolution
		HideSolutionNode = FALSE
	EndGlobalSection
	GlobalSection(NestedProjects) = preSolution
		{B837AD21-A059-4414-A018-40CB495C4502} = {827E0CD3-B72D-47B6-A68D-7590B98EB39B}
		{73F48030-BD75-4ECB-9AEF-FC5B2D45BE48} = {827E0CD3-B72D-47B6-A68D-7590B98EB39B}
		{A19345A9-BF35-47DD-8679-E1CF539B8F20} = {827E0CD3-B72D-47B6-A68D-7590B98EB39B}
		{64638131-0EBD-455F-AFC7-B17EECC019CA} = {827E0CD3-B72D-47B6-A68D-7590B98EB39B}
		{8FED9AF1-1519-4E94-9D27-70C6E9A30BDE} = {827E0CD3-B72D-47B6-A68D-7590B98EB39B}
		{30CA7DC0-DA7D-4DA5-AC6F-2A6D48101955} = {0AB3BF05-4346-4AA6-1389-037BE0695223}
		{982B197F-0424-43D0-8D0B-EE4C6688F981} = {0AB3BF05-4346-4AA6-1389-037BE0695223}
	EndGlobalSection
EndGlobal
