lockfileVersion: '9.0'

settings:
  autoInstallPeers: true
  excludeLinksFromLockfile: false

importers:

  .:
    dependencies:
      '@cortex-js/compute-engine':
        specifier: ^0.119.0
        version: 0.119.0

packages:

  '@arnog/colors@0.5.0':
    resolution: {integrity: sha512-NB7yqrO7qvInsqJdqz6C6mDU+2oiKmbBbk3czMS0E7KkGxLRy538tEHCsB5TKqmaxxXpi6/U120TnGl8NsDePg==}

  '@cortex-js/compute-engine@0.119.0':
    resolution: {integrity: sha512-J9fj/DAOQ9Ibsn8+iuAbxH5Nz0nvHskjORL6/3yBWiAsM2nvoT3qep/RQ4pXSYokVl49EIYX3lkVnw+iY9j+9w==}
    engines: {node: '>=22.3.0', npm: '>=10.5.0'}
    hasBin: true

  complex-esm@2.1.1-esm1:
    resolution: {integrity: sha512-IShBEWHILB9s7MnfyevqNGxV0A1cfcSnewL/4uPFiSxkcQL4Mm3FxJ0pXMtCXuWLjYz3lRRyk6OfkeDZcjD6nw==}
    engines: {node: '>=16.14.2', npm: '>=8.5.0'}

snapshots:

  '@arnog/colors@0.5.0': {}

  '@cortex-js/compute-engine@0.119.0':
    dependencies:
      '@arnog/colors': 0.5.0
      complex-esm: 2.1.1-esm1

  complex-esm@2.1.1-esm1: {}
